<?xml version="1.0" encoding="UTF-8" standalone="yes" ?>
<CodeBlocks_project_file>
   <FileVersion major="1" minor="6" />
   <Project>
      <Option title="detecto" />
      <Option makefile_is_custom="1" />
      <Option compiler="gcc" />
      <Option virtualFolders="CMake Files\;" />
      <Build>
      <Target title="all">
         <Option working_dir="/home/xavier/gittest/robot/xiong/detect/detecto-build" />
         <Option type="4" />
         <MakeCommands>
            <Build command="/usr/bin/make -f &quot;/home/xavier/gittest/robot/xiong/detect/detecto-build/Makefile&quot;  VERBOSE=1 all" />
            <CompileFile command="/usr/bin/make -f &quot;/home/xavier/gittest/robot/xiong/detect/detecto-build/Makefile&quot;  VERBOSE=1 &quot;$file&quot;" />
            <Clean command="/usr/bin/make -f &quot;/home/xavier/gittest/robot/xiong/detect/detecto-build/Makefile&quot;  VERBOSE=1 clean" />
            <DistClean command="/usr/bin/make -f &quot;/home/xavier/gittest/robot/xiong/detect/detecto-build/Makefile&quot;  VERBOSE=1 clean" />
         </MakeCommands>
      </Target>
      <Target title="detecto">
         <Option output="/home/xavier/gittest/robot/xiong/detect/detecto-build/detecto" prefix_auto="0" extension_auto="0" />
         <Option working_dir="/home/xavier/gittest/robot/xiong/detect/detecto-build" />
         <Option object_output="./" />
         <Option type="1" />
         <Option compiler="gcc" />
         <Compiler>
            <Add directory="/usr/include" />
            <Add directory="/usr/lib/gcc/i686-pc-linux-gnu/4.8.2/../../../../include/c++/4.8.2" />
            <Add directory="/usr/lib/gcc/i686-pc-linux-gnu/4.8.2/../../../../include/c++/4.8.2/backward" />
            <Add directory="/usr/lib/gcc/i686-pc-linux-gnu/4.8.2/../../../../include/c++/4.8.2/i686-pc-linux-gnu" />
            <Add directory="/usr/lib/gcc/i686-pc-linux-gnu/4.8.2/include" />
            <Add directory="/usr/lib/gcc/i686-pc-linux-gnu/4.8.2/include-fixed" />
            <Add directory="/usr/local/include" />
         </Compiler>
         <MakeCommands>
            <Build command="/usr/bin/make -f &quot;/home/xavier/gittest/robot/xiong/detect/detecto-build/Makefile&quot;  VERBOSE=1 detecto" />
            <CompileFile command="/usr/bin/make -f &quot;/home/xavier/gittest/robot/xiong/detect/detecto-build/Makefile&quot;  VERBOSE=1 &quot;$file&quot;" />
            <Clean command="/usr/bin/make -f &quot;/home/xavier/gittest/robot/xiong/detect/detecto-build/Makefile&quot;  VERBOSE=1 clean" />
            <DistClean command="/usr/bin/make -f &quot;/home/xavier/gittest/robot/xiong/detect/detecto-build/Makefile&quot;  VERBOSE=1 clean" />
         </MakeCommands>
      </Target>
      <Target title="detecto/fast">
         <Option output="/home/xavier/gittest/robot/xiong/detect/detecto-build/detecto" prefix_auto="0" extension_auto="0" />
         <Option working_dir="/home/xavier/gittest/robot/xiong/detect/detecto-build" />
         <Option object_output="./" />
         <Option type="1" />
         <Option compiler="gcc" />
         <Compiler>
            <Add directory="/usr/include" />
            <Add directory="/usr/lib/gcc/i686-pc-linux-gnu/4.8.2/../../../../include/c++/4.8.2" />
            <Add directory="/usr/lib/gcc/i686-pc-linux-gnu/4.8.2/../../../../include/c++/4.8.2/backward" />
            <Add directory="/usr/lib/gcc/i686-pc-linux-gnu/4.8.2/../../../../include/c++/4.8.2/i686-pc-linux-gnu" />
            <Add directory="/usr/lib/gcc/i686-pc-linux-gnu/4.8.2/include" />
            <Add directory="/usr/lib/gcc/i686-pc-linux-gnu/4.8.2/include-fixed" />
            <Add directory="/usr/local/include" />
         </Compiler>
         <MakeCommands>
            <Build command="/usr/bin/make -f &quot;/home/xavier/gittest/robot/xiong/detect/detecto-build/Makefile&quot;  VERBOSE=1 detecto/fast" />
            <CompileFile command="/usr/bin/make -f &quot;/home/xavier/gittest/robot/xiong/detect/detecto-build/Makefile&quot;  VERBOSE=1 &quot;$file&quot;" />
            <Clean command="/usr/bin/make -f &quot;/home/xavier/gittest/robot/xiong/detect/detecto-build/Makefile&quot;  VERBOSE=1 clean" />
            <DistClean command="/usr/bin/make -f &quot;/home/xavier/gittest/robot/xiong/detect/detecto-build/Makefile&quot;  VERBOSE=1 clean" />
         </MakeCommands>
      </Target>
      <Target title="rebuild_cache">
         <Option working_dir="/home/xavier/gittest/robot/xiong/detect/detecto-build" />
         <Option type="4" />
         <MakeCommands>
            <Build command="/usr/bin/make -f &quot;/home/xavier/gittest/robot/xiong/detect/detecto-build/Makefile&quot;  VERBOSE=1 rebuild_cache" />
            <CompileFile command="/usr/bin/make -f &quot;/home/xavier/gittest/robot/xiong/detect/detecto-build/Makefile&quot;  VERBOSE=1 &quot;$file&quot;" />
            <Clean command="/usr/bin/make -f &quot;/home/xavier/gittest/robot/xiong/detect/detecto-build/Makefile&quot;  VERBOSE=1 clean" />
            <DistClean command="/usr/bin/make -f &quot;/home/xavier/gittest/robot/xiong/detect/detecto-build/Makefile&quot;  VERBOSE=1 clean" />
         </MakeCommands>
      </Target>
      </Build>
      <Unit filename="/home/xavier/gittest/robot/xiong/detect/detecto/main.cpp">
      </Unit>
      <Unit filename="/home/xavier/gittest/robot/xiong/detect/detecto/CMakeLists.txt">
          <Option virtualFolder="CMake Files\" />
      </Unit>
   </Project>
</CodeBlocks_project_file>
